
Microsoft Visual Studio Solution File, Format Version 12.00
# Visual Studio Version 17
VisualStudioVersion = 17.0.32014.148
MinimumVisualStudioVersion = 10.0.40219.1
Project("{9A19103F-16F7-4668-BE54-9A1E7A4F7556}") = "TRS TEST", "TRS TEST\TRS TEST.csproj", "{E3720A4F-DF9F-450B-81E0-E18632872AEA}"
EndProject
Global
	GlobalSection(SolutionConfigurationPlatforms) = preSolution
		Debug|Any CPU = Debug|Any CPU
		Release|Any CPU = Release|Any CPU
	EndGlobalSection
	GlobalSection(ProjectConfigurationPlatforms) = postSolution
		{E3720A4F-DF9F-450B-81E0-E18632872AEA}.Debug|Any CPU.ActiveCfg = Debug|Any CPU
		{E3720A4F-DF9F-450B-81E0-E18632872AEA}.Debug|Any CPU.Build.0 = Debug|Any CPU
		{E3720A4F-DF9F-450B-81E0-E18632872AEA}.Release|Any CPU.ActiveCfg = Release|Any CPU
		{E3720A4F-DF9F-450B-81E0-E18632872AEA}.Release|Any CPU.Build.0 = Release|Any CPU
	EndGlobalSection
	GlobalSection(SolutionProperties) = preSolution
		HideSolutionNode = FALSE
	EndGlobalSection
	GlobalSection(ExtensibilityGlobals) = postSolution
		SolutionGuid = {2D52DB09-566E-44D0-BFAF-E0DB9EAFB3AA}
	EndGlobalSection
EndGlobal
